// !$*UTF8*$!
{
	archiveVersion = 1;
	classes = {
	};
	objectVersion = 56;
	objects = {

/* Begin PBXBuildFile section */
		B8762A352B7BE44200ECFDFE /* AlatFramework.framework in Frameworks */ = {isa = PBXBuildFile; fileRef = B8762A312B7BE43100ECFDFE /* AlatFramework.framework */; };
		B8762A362B7BE44200ECFDFE /* AlatFramework.framework in Embed Frameworks */ = {isa = PBXBuildFile; fileRef = B8762A312B7BE43100ECFDFE /* AlatFramework.framework */; settings = {ATTRIBUTES = (CodeSignOnCopy, RemoveHeadersOnCopy, ); }; };
		B8D496D22B7BD5A1004964E8 /* AppDelegate.swift in Sources */ = {isa = PBXBuildFile; fileRef = B8D496D12B7BD5A1004964E8 /* AppDelegate.swift */; };
		B8D496D42B7BD5A1004964E8 /* SceneDelegate.swift in Sources */ = {isa = PBXBuildFile; fileRef = B8D496D32B7BD5A1004964E8 /* SceneDelegate.swift */; };
		B8D496D62B7BD5A1004964E8 /* ViewController.swift in Sources */ = {isa = PBXBuildFile; fileRef = B8D496D52B7BD5A1004964E8 /* ViewController.swift */; };
		B8D496D92B7BD5A1004964E8 /* Main.storyboard in Resources */ = {isa = PBXBuildFile; fileRef = B8D496D72B7BD5A1004964E8 /* Main.storyboard */; };
		B8D496DB2B7BD5A3004964E8 /* Assets.xcassets in Resources */ = {isa = PBXBuildFile; fileRef = B8D496DA2B7BD5A3004964E8 /* Assets.xcassets */; };
		B8D496DE2B7BD5A3004964E8 /* LaunchScreen.storyboard in Resources */ = {isa = PBXBuildFile; fileRef = B8D496DC2B7BD5A3004964E8 /* LaunchScreen.storyboard */; };
		B8D496E92B7BD5A3004964E8 /* AlartAppTests.swift in Sources */ = {isa = PBXBuildFile; fileRef = B8D496E82B7BD5A3004964E8 /* AlartAppTests.swift */; };
		B8D496F32B7BD5A3004964E8 /* AlartAppUITests.swift in Sources */ = {isa = PBXBuildFile; fileRef = B8D496F22B7BD5A3004964E8 /* AlartAppUITests.swift */; };
		B8D496F52B7BD5A3004964E8 /* AlartAppUITestsLaunchTests.swift in Sources */ = {isa = PBXBuildFile; fileRef = B8D496F42B7BD5A3004964E8 /* AlartAppUITestsLaunchTests.swift */; };
/* End PBXBuildFile section */

/* Begin PBXContainerItemProxy section */
		B8D496E52B7BD5A3004964E8 /* PBXContainerItemProxy */ = {
			isa = PBXContainerItemProxy;
			containerPortal = B8D496C62B7BD5A1004964E8 /* Project object */;
			proxyType = 1;
			remoteGlobalIDString = B8D496CD2B7BD5A1004964E8;
			remoteInfo = AlartApp;
		};
		B8D496EF2B7BD5A3004964E8 /* PBXContainerItemProxy */ = {
			isa = PBXContainerItemProxy;
			containerPortal = B8D496C62B7BD5A1004964E8 /* Project object */;
			proxyType = 1;
			remoteGlobalIDString = B8D496CD2B7BD5A1004964E8;
			remoteInfo = AlartApp;
		};
		B8D4970F2B7BD74B004964E8 /* PBXContainerItemProxy */ = {
			isa = PBXContainerItemProxy;
			containerPortal = B8D4970A2B7BD74B004964E8 /* AlatFramework.xcodeproj */;
			proxyType = 2;
			remoteGlobalIDString = B5503F1C298B9D5500C3B5C2;
			remoteInfo = AlatFramework;
		};
		B8D497112B7BD74B004964E8 /* PBXContainerItemProxy */ = {
			isa = PBXContainerItemProxy;
			containerPortal = B8D4970A2B7BD74B004964E8 /* AlatFramework.xcodeproj */;
			proxyType = 2;
			remoteGlobalIDString = B5503F26298B9D5600C3B5C2;
			remoteInfo = AlatFrameworkTests;
		};
/* End PBXContainerItemProxy section */

/* Begin PBXCopyFilesBuildPhase section */
		B8762A372B7BE44200ECFDFE /* Embed Frameworks */ = {
			isa = PBXCopyFilesBuildPhase;
			buildActionMask = 2147483647;
			dstPath = "";
			dstSubfolderSpec = 10;
			files = (
				B8762A362B7BE44200ECFDFE /* AlatFramework.framework in Embed Frameworks */,
			);
			name = "Embed Frameworks";
			runOnlyForDeploymentPostprocessing = 0;
		};
/* End PBXCopyFilesBuildPhase section */

/* Begin PBXFileReference section */
		B8762A312B7BE43100ECFDFE /* AlatFramework.framework */ = {isa = PBXFileReference; lastKnownFileType = wrapper.framework; path = AlatFramework.framework; sourceTree = "<group>"; };
		B8D496CE2B7BD5A1004964E8 /* AlartApp.app */ = {isa = PBXFileReference; explicitFileType = wrapper.application; includeInIndex = 0; path = AlartApp.app; sourceTree = BUILT_PRODUCTS_DIR; };
		B8D496D12B7BD5A1004964E8 /* AppDelegate.swift */ = {isa = PBXFileReference; lastKnownFileType = sourcecode.swift; path = AppDelegate.swift; sourceTree = "<group>"; };
		B8D496D32B7BD5A1004964E8 /* SceneDelegate.swift */ = {isa = PBXFileReference; lastKnownFileType = sourcecode.swift; path = SceneDelegate.swift; sourceTree = "<group>"; };
		B8D496D52B7BD5A1004964E8 /* ViewController.swift */ = {isa = PBXFileReference; lastKnownFileType = sourcecode.swift; path = ViewController.swift; sourceTree = "<group>"; };
		B8D496D82B7BD5A1004964E8 /* Base */ = {isa = PBXFileReference; lastKnownFileType = file.storyboard; name = Base; path = Base.lproj/Main.storyboard; sourceTree = "<group>"; };
		B8D496DA2B7BD5A3004964E8 /* Assets.xcassets */ = {isa = PBXFileReference; lastKnownFileType = folder.assetcatalog; path = Assets.xcassets; sourceTree = "<group>"; };
		B8D496DD2B7BD5A3004964E8 /* Base */ = {isa = PBXFileReference; lastKnownFileType = file.storyboard; name = Base; path = Base.lproj/LaunchScreen.storyboard; sourceTree = "<group>"; };
		B8D496DF2B7BD5A3004964E8 /* Info.plist */ = {isa = PBXFileReference; lastKnownFileType = text.plist.xml; path = Info.plist; sourceTree = "<group>"; };
		B8D496E42B7BD5A3004964E8 /* AlartAppTests.xctest */ = {isa = PBXFileReference; explicitFileType = wrapper.cfbundle; includeInIndex = 0; path = AlartAppTests.xctest; sourceTree = BUILT_PRODUCTS_DIR; };
		B8D496E82B7BD5A3004964E8 /* AlartAppTests.swift */ = {isa = PBXFileReference; lastKnownFileType = sourcecode.swift; path = AlartAppTests.swift; sourceTree = "<group>"; };
		B8D496EE2B7BD5A3004964E8 /* AlartAppUITests.xctest */ = {isa = PBXFileReference; explicitFileType = wrapper.cfbundle; includeInIndex = 0; path = AlartAppUITests.xctest; sourceTree = BUILT_PRODUCTS_DIR; };
		B8D496F22B7BD5A3004964E8 /* AlartAppUITests.swift */ = {isa = PBXFileReference; lastKnownFileType = sourcecode.swift; path = AlartAppUITests.swift; sourceTree = "<group>"; };
		B8D496F42B7BD5A3004964E8 /* AlartAppUITestsLaunchTests.swift */ = {isa = PBXFileReference; lastKnownFileType = sourcecode.swift; path = AlartAppUITestsLaunchTests.swift; sourceTree = "<group>"; };
		B8D4970A2B7BD74B004964E8 /* AlatFramework.xcodeproj */ = {isa = PBXFileReference; lastKnownFileType = "wrapper.pb-project"; name = AlatFramework.xcodeproj; path = AlatFramework/AlatFramework.xcodeproj; sourceTree = "<group>"; };
/* End PBXFileReference section */

/* Begin PBXFrameworksBuildPhase section */
		B8D496CB2B7BD5A1004964E8 /* Frameworks */ = {
			isa = PBXFrameworksBuildPhase;
			buildActionMask = 2147483647;
			files = (
				B8762A352B7BE44200ECFDFE /* AlatFramework.framework in Frameworks */,
			);
			runOnlyForDeploymentPostprocessing = 0;
		};
		B8D496E12B7BD5A3004964E8 /* Frameworks */ = {
			isa = PBXFrameworksBuildPhase;
			buildActionMask = 2147483647;
			files = (
			);
			runOnlyForDeploymentPostprocessing = 0;
		};
		B8D496EB2B7BD5A3004964E8 /* Frameworks */ = {
			isa = PBXFrameworksBuildPhase;
			buildActionMask = 2147483647;
			files = (
			);
			runOnlyForDeploymentPostprocessing = 0;
		};
/* End PBXFrameworksBuildPhase section */

/* Begin PBXGroup section */
		B8D496C52B7BD5A1004964E8 = {
			isa = PBXGroup;
			children = (
				B8D4970A2B7BD74B004964E8 /* AlatFramework.xcodeproj */,
				B8D496D02B7BD5A1004964E8 /* AlartApp */,
				B8D496E72B7BD5A3004964E8 /* AlartAppTests */,
				B8D496F12B7BD5A3004964E8 /* AlartAppUITests */,
				B8D496CF2B7BD5A1004964E8 /* Products */,
				B8D497132B7BD81B004964E8 /* Frameworks */,
			);
			sourceTree = "<group>";
		};
		B8D496CF2B7BD5A1004964E8 /* Products */ = {
			isa = PBXGroup;
			children = (
				B8D496CE2B7BD5A1004964E8 /* AlartApp.app */,
				B8D496E42B7BD5A3004964E8 /* AlartAppTests.xctest */,
				B8D496EE2B7BD5A3004964E8 /* AlartAppUITests.xctest */,
			);
			name = Products;
			sourceTree = "<group>";
		};
		B8D496D02B7BD5A1004964E8 /* AlartApp */ = {
			isa = PBXGroup;
			children = (
				B8D496D12B7BD5A1004964E8 /* AppDelegate.swift */,
				B8D496D32B7BD5A1004964E8 /* SceneDelegate.swift */,
				B8D496D52B7BD5A1004964E8 /* ViewController.swift */,
				B8D496D72B7BD5A1004964E8 /* Main.storyboard */,
				B8D496DA2B7BD5A3004964E8 /* Assets.xcassets */,
				B8D496DC2B7BD5A3004964E8 /* LaunchScreen.storyboard */,
				B8D496DF2B7BD5A3004964E8 /* Info.plist */,
			);
			path = AlartApp;
			sourceTree = "<group>";
		};
		B8D496E72B7BD5A3004964E8 /* AlartAppTests */ = {
			isa = PBXGroup;
			children = (
				B8D496E82B7BD5A3004964E8 /* AlartAppTests.swift */,
			);
			path = AlartAppTests;
			sourceTree = "<group>";
		};
		B8D496F12B7BD5A3004964E8 /* AlartAppUITests */ = {
			isa = PBXGroup;
			children = (
				B8D496F22B7BD5A3004964E8 /* AlartAppUITests.swift */,
				B8D496F42B7BD5A3004964E8 /* AlartAppUITestsLaunchTests.swift */,
			);
			path = AlartAppUITests;
			sourceTree = "<group>";
		};
		B8D4970B2B7BD74B004964E8 /* Products */ = {
			isa = PBXGroup;
			children = (
				B8D497102B7BD74B004964E8 /* AlatFramework.framework */,
				B8D497122B7BD74B004964E8 /* AlatFrameworkTests.xctest */,
			);
			name = Products;
			sourceTree = "<group>";
		};
		B8D497132B7BD81B004964E8 /* Frameworks */ = {
			isa = PBXGroup;
			children = (
				B8762A312B7BE43100ECFDFE /* AlatFramework.framework */,
			);
			name = Frameworks;
			sourceTree = "<group>";
		};
/* End PBXGroup section */

/* Begin PBXNativeTarget section */
		B8D496CD2B7BD5A1004964E8 /* AlartApp */ = {
			isa = PBXNativeTarget;
			buildConfigurationList = B8D496F82B7BD5A3004964E8 /* Build configuration list for PBXNativeTarget "AlartApp" */;
			buildPhases = (
				B8D496CA2B7BD5A1004964E8 /* Sources */,
				B8D496CB2B7BD5A1004964E8 /* Frameworks */,
				B8D496CC2B7BD5A1004964E8 /* Resources */,
				B8762A372B7BE44200ECFDFE /* Embed Frameworks */,
			);
			buildRules = (
			);
			dependencies = (
			);
			name = AlartApp;
			productName = AlartApp;
			productReference = B8D496CE2B7BD5A1004964E8 /* AlartApp.app */;
			productType = "com.apple.product-type.application";
		};
		B8D496E32B7BD5A3004964E8 /* AlartAppTests */ = {
			isa = PBXNativeTarget;
			buildConfigurationList = B8D496FB2B7BD5A3004964E8 /* Build configuration list for PBXNativeTarget "AlartAppTests" */;
			buildPhases = (
				B8D496E02B7BD5A3004964E8 /* Sources */,
				B8D496E12B7BD5A3004964E8 /* Frameworks */,
				B8D496E22B7BD5A3004964E8 /* Resources */,
			);
			buildRules = (
			);
			dependencies = (
				B8D496E62B7BD5A3004964E8 /* PBXTargetDependency */,
			);
			name = AlartAppTests;
			productName = AlartAppTests;
			productReference = B8D496E42B7BD5A3004964E8 /* AlartAppTests.xctest */;
			productType = "com.apple.product-type.bundle.unit-test";
		};
		B8D496ED2B7BD5A3004964E8 /* AlartAppUITests */ = {
			isa = PBXNativeTarget;
			buildConfigurationList = B8D496FE2B7BD5A3004964E8 /* Build configuration list for PBXNativeTarget "AlartAppUITests" */;
			buildPhases = (
				B8D496EA2B7BD5A3004964E8 /* Sources */,
				B8D496EB2B7BD5A3004964E8 /* Frameworks */,
				B8D496EC2B7BD5A3004964E8 /* Resources */,
			);
			buildRules = (
			);
			dependencies = (
				B8D496F02B7BD5A3004964E8 /* PBXTargetDependency */,
			);
			name = AlartAppUITests;
			productName = AlartAppUITests;
			productReference = B8D496EE2B7BD5A3004964E8 /* AlartAppUITests.xctest */;
			productType = "com.apple.product-type.bundle.ui-testing";
		};
/* End PBXNativeTarget section */

/* Begin PBXProject section */
		B8D496C62B7BD5A1004964E8 /* Project object */ = {
			isa = PBXProject;
			attributes = {
				BuildIndependentTargetsInParallel = 1;
				LastSwiftUpdateCheck = 1420;
				LastUpgradeCheck = 1420;
				TargetAttributes = {
					B8D496CD2B7BD5A1004964E8 = {
						CreatedOnToolsVersion = 14.2;
					};
					B8D496E32B7BD5A3004964E8 = {
						CreatedOnToolsVersion = 14.2;
						TestTargetID = B8D496CD2B7BD5A1004964E8;
					};
					B8D496ED2B7BD5A3004964E8 = {
						CreatedOnToolsVersion = 14.2;
						TestTargetID = B8D496CD2B7BD5A1004964E8;
					};
				};
			};
			buildConfigurationList = B8D496C92B7BD5A1004964E8 /* Build configuration list for PBXProject "AlartApp" */;
			compatibilityVersion = "Xcode 14.0";
			developmentRegion = en;
			hasScannedForEncodings = 0;
			knownRegions = (
				en,
				Base,
			);
			mainGroup = B8D496C52B7BD5A1004964E8;
			productRefGroup = B8D496CF2B7BD5A1004964E8 /* Products */;
			projectDirPath = "";
			projectReferences = (
				{
					ProductGroup = B8D4970B2B7BD74B004964E8 /* Products */;
					ProjectRef = B8D4970A2B7BD74B004964E8 /* AlatFramework.xcodeproj */;
				},
			);
			projectRoot = "";
			targets = (
				B8D496CD2B7BD5A1004964E8 /* AlartApp */,
				B8D496E32B7BD5A3004964E8 /* AlartAppTests */,
				B8D496ED2B7BD5A3004964E8 /* AlartAppUITests */,
			);
		};
/* End PBXProject section */

/* Begin PBXReferenceProxy section */
		B8D497102B7BD74B004964E8 /* AlatFramework.framework */ = {
			isa = PBXReferenceProxy;
			fileType = wrapper.framework;
			path = AlatFramework.framework;
			remoteRef = B8D4970F2B7BD74B004964E8 /* PBXContainerItemProxy */;
			sourceTree = BUILT_PRODUCTS_DIR;
		};
		B8D497122B7BD74B004964E8 /* AlatFrameworkTests.xctest */ = {
			isa = PBXReferenceProxy;
			fileType = wrapper.cfbundle;
			path = AlatFrameworkTests.xctest;
			remoteRef = B8D497112B7BD74B004964E8 /* PBXContainerItemProxy */;
			sourceTree = BUILT_PRODUCTS_DIR;
		};
/* End PBXReferenceProxy section */

/* Begin PBXResourcesBuildPhase section */
		B8D496CC2B7BD5A1004964E8 /* Resources */ = {
			isa = PBXResourcesBuildPhase;
			buildActionMask = 2147483647;
			files = (
				B8D496DE2B7BD5A3004964E8 /* LaunchScreen.storyboard in Resources */,
				B8D496DB2B7BD5A3004964E8 /* Assets.xcassets in Resources */,
				B8D496D92B7BD5A1004964E8 /* Main.storyboard in Resources */,
			);
			runOnlyForDeploymentPostprocessing = 0;
		};
		B8D496E22B7BD5A3004964E8 /* Resources */ = {
			isa = PBXResourcesBuildPhase;
			buildActionMask = 2147483647;
			files = (
			);
			runOnlyForDeploymentPostprocessing = 0;
		};
		B8D496EC2B7BD5A3004964E8 /* Resources */ = {
			isa = PBXResourcesBuildPhase;
			buildActionMask = 2147483647;
			files = (
			);
			runOnlyForDeploymentPostprocessing = 0;
		};
/* End PBXResourcesBuildPhase section */

/* Begin PBXSourcesBuildPhase section */
		B8D496CA2B7BD5A1004964E8 /* Sources */ = {
			isa = PBXSourcesBuildPhase;
			buildActionMask = 2147483647;
			files = (
				B8D496D62B7BD5A1004964E8 /* ViewController.swift in Sources */,
				B8D496D22B7BD5A1004964E8 /* AppDelegate.swift in Sources */,
				B8D496D42B7BD5A1004964E8 /* SceneDelegate.swift in Sources */,
			);
			runOnlyForDeploymentPostprocessing = 0;
		};
		B8D496E02B7BD5A3004964E8 /* Sources */ = {
			isa = PBXSourcesBuildPhase;
			buildActionMask = 2147483647;
			files = (
				B8D496E92B7BD5A3004964E8 /* AlartAppTests.swift in Sources */,
			);
			runOnlyForDeploymentPostprocessing = 0;
		};
		B8D496EA2B7BD5A3004964E8 /* Sources */ = {
			isa = PBXSourcesBuildPhase;
			buildActionMask = 2147483647;
			files = (
				B8D496F52B7BD5A3004964E8 /* AlartAppUITestsLaunchTests.swift in Sources */,
				B8D496F32B7BD5A3004964E8 /* AlartAppUITests.swift in Sources */,
			);
			runOnlyForDeploymentPostprocessing = 0;
		};
/* End PBXSourcesBuildPhase section */

/* Begin PBXTargetDependency section */
		B8D496E62B7BD5A3004964E8 /* PBXTargetDependency */ = {
			isa = PBXTargetDependency;
			target = B8D496CD2B7BD5A1004964E8 /* AlartApp */;
			targetProxy = B8D496E52B7BD5A3004964E8 /* PBXContainerItemProxy */;
		};
		B8D496F02B7BD5A3004964E8 /* PBXTargetDependency */ = {
			isa = PBXTargetDependency;
			target = B8D496CD2B7BD5A1004964E8 /* AlartApp */;
			targetProxy = B8D496EF2B7BD5A3004964E8 /* PBXContainerItemProxy */;
		};
/* End PBXTargetDependency section */

/* Begin PBXVariantGroup section */
		B8D496D72B7BD5A1004964E8 /* Main.storyboard */ = {
			isa = PBXVariantGroup;
			children = (
				B8D496D82B7BD5A1004964E8 /* Base */,
			);
			name = Main.storyboard;
			sourceTree = "<group>";
		};
		B8D496DC2B7BD5A3004964E8 /* LaunchScreen.storyboard */ = {
			isa = PBXVariantGroup;
			children = (
				B8D496DD2B7BD5A3004964E8 /* Base */,
			);
			name = LaunchScreen.storyboard;
			sourceTree = "<group>";
		};
/* End PBXVariantGroup section */

/* Begin XCBuildConfiguration section */
		B8D496F62B7BD5A3004964E8 /* Debug */ = {
			isa = XCBuildConfiguration;
			buildSettings = {
				ALWAYS_SEARCH_USER_PATHS = NO;
				CLANG_ANALYZER_NONNULL = YES;
				CLANG_ANALYZER_NUMBER_OBJECT_CONVERSION = YES_AGGRESSIVE;
				CLANG_CXX_LANGUAGE_STANDARD = "gnu++20";
				CLANG_ENABLE_MODULES = YES;
				CLANG_ENABLE_OBJC_ARC = YES;
				CLANG_ENABLE_OBJC_WEAK = YES;
				CLANG_WARN_BLOCK_CAPTURE_AUTORELEASING = YES;
				CLANG_WARN_BOOL_CONVERSION = YES;
				CLANG_WARN_COMMA = YES;
				CLANG_WARN_CONSTANT_CONVERSION = YES;
				CLANG_WARN_DEPRECATED_OBJC_IMPLEMENTATIONS = YES;
				CLANG_WARN_DIRECT_OBJC_ISA_USAGE = YES_ERROR;
				CLANG_WARN_DOCUMENTATION_COMMENTS = YES;
				CLANG_WARN_EMPTY_BODY = YES;
				CLANG_WARN_ENUM_CONVERSION = YES;
				CLANG_WARN_INFINITE_RECURSION = YES;
				CLANG_WARN_INT_CONVERSION = YES;
				CLANG_WARN_NON_LITERAL_NULL_CONVERSION = YES;
				CLANG_WARN_OBJC_IMPLICIT_RETAIN_SELF = YES;
				CLANG_WARN_OBJC_LITERAL_CONVERSION = YES;
				CLANG_WARN_OBJC_ROOT_CLASS = YES_ERROR;
				CLANG_WARN_QUOTED_INCLUDE_IN_FRAMEWORK_HEADER = YES;
				CLANG_WARN_RANGE_LOOP_ANALYSIS = YES;
				CLANG_WARN_STRICT_PROTOTYPES = YES;
				CLANG_WARN_SUSPICIOUS_MOVE = YES;
				CLANG_WARN_UNGUARDED_AVAILABILITY = YES_AGGRESSIVE;
				CLANG_WARN_UNREACHABLE_CODE = YES;
				CLANG_WARN__DUPLICATE_METHOD_MATCH = YES;
				COPY_PHASE_STRIP = NO;
				DEBUG_INFORMATION_FORMAT = dwarf;
				ENABLE_STRICT_OBJC_MSGSEND = YES;
				ENABLE_TESTABILITY = YES;
				FRAMEWORK_SEARCH_PATHS = "";
				GCC_C_LANGUAGE_STANDARD = gnu11;
				GCC_DYNAMIC_NO_PIC = NO;
				GCC_NO_COMMON_BLOCKS = YES;
				GCC_OPTIMIZATION_LEVEL = 0;
				GCC_PREPROCESSOR_DEFINITIONS = (
					"DEBUG=1",
					"$(inherited)",
				);
				GCC_WARN_64_TO_32_BIT_CONVERSION = YES;
				GCC_WARN_ABOUT_RETURN_TYPE = YES_ERROR;
				GCC_WARN_UNDECLARED_SELECTOR = YES;
				GCC_WARN_UNINITIALIZED_AUTOS = YES_AGGRESSIVE;
				GCC_WARN_UNUSED_FUNCTION = YES;
				GCC_WARN_UNUSED_VARIABLE = YES;
				IPHONEOS_DEPLOYMENT_TARGET = 16.2;
				MTL_ENABLE_DEBUG_INFO = INCLUDE_SOURCE;
				MTL_FAST_MATH = YES;
				ONLY_ACTIVE_ARCH = YES;
				SDKROOT = iphoneos;
				SWIFT_ACTIVE_COMPILATION_CONDITIONS = DEBUG;
				SWIFT_OPTIMIZATION_LEVEL = "-Onone";
			};
			name = Debug;
		};
		B8D496F72B7BD5A3004964E8 /* Release */ = {
			isa = XCBuildConfiguration;
			buildSettings = {
				ALWAYS_SEARCH_USER_PATHS = NO;
				CLANG_ANALYZER_NONNULL = YES;
				CLANG_ANALYZER_NUMBER_OBJECT_CONVERSION = YES_AGGRESSIVE;
				CLANG_CXX_LANGUAGE_STANDARD = "gnu++20";
				CLANG_ENABLE_MODULES = YES;
				CLANG_ENABLE_OBJC_ARC = YES;
				CLANG_ENABLE_OBJC_WEAK = YES;
				CLANG_WARN_BLOCK_CAPTURE_AUTORELEASING = YES;
				CLANG_WARN_BOOL_CONVERSION = YES;
				CLANG_WARN_COMMA = YES;
				CLANG_WARN_CONSTANT_CONVERSION = YES;
				CLANG_WARN_DEPRECATED_OBJC_IMPLEMENTATIONS = YES;
				CLANG_WARN_DIRECT_OBJC_ISA_USAGE = YES_ERROR;
				CLANG_WARN_DOCUMENTATION_COMMENTS = YES;
				CLANG_WARN_EMPTY_BODY = YES;
				CLANG_WARN_ENUM_CONVERSION = YES;
				CLANG_WARN_INFINITE_RECURSION = YES;
				CLANG_WARN_INT_CONVERSION = YES;
				CLANG_WARN_NON_LITERAL_NULL_CONVERSION = YES;
				CLANG_WARN_OBJC_IMPLICIT_RETAIN_SELF = YES;
				CLANG_WARN_OBJC_LITERAL_CONVERSION = YES;
				CLANG_WARN_OBJC_ROOT_CLASS = YES_ERROR;
				CLANG_WARN_QUOTED_INCLUDE_IN_FRAMEWORK_HEADER = YES;
				CLANG_WARN_RANGE_LOOP_ANALYSIS = YES;
				CLANG_WARN_STRICT_PROTOTYPES = YES;
				CLANG_WARN_SUSPICIOUS_MOVE = YES;
				CLANG_WARN_UNGUARDED_AVAILABILITY = YES_AGGRESSIVE;
				CLANG_WARN_UNREACHABLE_CODE = YES;
				CLANG_WARN__DUPLICATE_METHOD_MATCH = YES;
				COPY_PHASE_STRIP = NO;
				DEBUG_INFORMATION_FORMAT = "dwarf-with-dsym";
				ENABLE_NS_ASSERTIONS = NO;
				ENABLE_STRICT_OBJC_MSGSEND = YES;
				FRAMEWORK_SEARCH_PATHS = "";
				GCC_C_LANGUAGE_STANDARD = gnu11;
				GCC_NO_COMMON_BLOCKS = YES;
				GCC_WARN_64_TO_32_BIT_CONVERSION = YES;
				GCC_WARN_ABOUT_RETURN_TYPE = YES_ERROR;
				GCC_WARN_UNDECLARED_SELECTOR = YES;
				GCC_WARN_UNINITIALIZED_AUTOS = YES_AGGRESSIVE;
				GCC_WARN_UNUSED_FUNCTION = YES;
				GCC_WARN_UNUSED_VARIABLE = YES;
				IPHONEOS_DEPLOYMENT_TARGET = 16.2;
				MTL_ENABLE_DEBUG_INFO = NO;
				MTL_FAST_MATH = YES;
				SDKROOT = iphoneos;
				SWIFT_COMPILATION_MODE = wholemodule;
				SWIFT_OPTIMIZATION_LEVEL = "-O";
				VALIDATE_PRODUCT = YES;
			};
			name = Release;
		};
		B8D496F92B7BD5A3004964E8 /* Debug */ = {
			isa = XCBuildConfiguration;
			buildSettings = {
				ASSETCATALOG_COMPILER_APPICON_NAME = AppIcon;
				ASSETCATALOG_COMPILER_GLOBAL_ACCENT_COLOR_NAME = AccentColor;
				CODE_SIGN_STYLE = Automatic;
				CURRENT_PROJECT_VERSION = 1;
				DEVELOPMENT_TEAM = V6UWHFKBLG;
				FRAMEWORK_SEARCH_PATHS = (
					"$(inherited)",
					"$(PROJECT_DIR)",
				);
				GENERATE_INFOPLIST_FILE = YES;
				INFOPLIST_FILE = AlartApp/Info.plist;
				INFOPLIST_KEY_UIApplicationSupportsIndirectInputEvents = YES;
				INFOPLIST_KEY_UILaunchStoryboardName = LaunchScreen;
				INFOPLIST_KEY_UIMainStoryboardFile = Main;
				INFOPLIST_KEY_UISupportedInterfaceOrientations_iPad = "UIInterfaceOrientationPortrait UIInterfaceOrientationPortraitUpsideDown UIInterfaceOrientationLandscapeLeft UIInterfaceOrientationLandscapeRight";
				INFOPLIST_KEY_UISupportedInterfaceOrientations_iPhone = "UIInterfaceOrientationPortrait UIInterfaceOrientationLandscapeLeft UIInterfaceOrientationLandscapeRight";
				LD_RUNPATH_SEARCH_PATHS = (
					"$(inherited)",
					"@executable_path/Frameworks",
				);
				MARKETING_VERSION = 1.0;
				PRODUCT_BUNDLE_IDENTIFIER = com.myapp.AlartApp;
				PRODUCT_NAME = "$(TARGET_NAME)";
				SWIFT_EMIT_LOC_STRINGS = YES;
				SWIFT_VERSION = 5.0;
				TARGETED_DEVICE_FAMILY = "1,2";
			};
			name = Debug;
		};
		B8D496FA2B7BD5A3004964E8 /* Release */ = {
			isa = XCBuildConfiguration;
			buildSettings = {
				ASSETCATALOG_COMPILER_APPICON_NAME = AppIcon;
				ASSETCATALOG_COMPILER_GLOBAL_ACCENT_COLOR_NAME = AccentColor;
				CODE_SIGN_STYLE = Automatic;
				CURRENT_PROJECT_VERSION = 1;
				DEVELOPMENT_TEAM = V6UWHFKBLG;
				FRAMEWORK_SEARCH_PATHS = (
					"$(inherited)",
					"$(PROJECT_DIR)",
				);
				GENERATE_INFOPLIST_FILE = YES;
				INFOPLIST_FILE = AlartApp/Info.plist;
				INFOPLIST_KEY_UIApplicationSupportsIndirectInputEvents = YES;
				INFOPLIST_KEY_UILaunchStoryboardName = LaunchScreen;
				INFOPLIST_KEY_UIMainStoryboardFile = Main;
				INFOPLIST_KEY_UISupportedInterfaceOrientations_iPad = "UIInterfaceOrientationPortrait UIInterfaceOrientationPortraitUpsideDown UIInterfaceOrientationLandscapeLeft UIInterfaceOrientationLandscapeRight";
				INFOPLIST_KEY_UISupportedInterfaceOrientations_iPhone = "UIInterfaceOrientationPortrait UIInterfaceOrientationLandscapeLeft UIInterfaceOrientationLandscapeRight";
				LD_RUNPATH_SEARCH_PATHS = (
					"$(inherited)",
					"@executable_path/Frameworks",
				);
				MARKETING_VERSION = 1.0;
				PRODUCT_BUNDLE_IDENTIFIER = com.myapp.AlartApp;
				PRODUCT_NAME = "$(TARGET_NAME)";
				SWIFT_EMIT_LOC_STRINGS = YES;
				SWIFT_VERSION = 5.0;
				TARGETED_DEVICE_FAMILY = "1,2";
			};
			name = Release;
		};
		B8D496FC2B7BD5A3004964E8 /* Debug */ = {
			isa = XCBuildConfiguration;
			buildSettings = {
				ALWAYS_EMBED_SWIFT_STANDARD_LIBRARIES = YES;
				BUNDLE_LOADER = "$(TEST_HOST)";
				CODE_SIGN_STYLE = Automatic;
				CURRENT_PROJECT_VERSION = 1;
				DEVELOPMENT_TEAM = V6UWHFKBLG;
				GENERATE_INFOPLIST_FILE = YES;
				IPHONEOS_DEPLOYMENT_TARGET = 16.2;
				MARKETING_VERSION = 1.0;
				PRODUCT_BUNDLE_IDENTIFIER = com.myapp.AlartAppTests;
				PRODUCT_NAME = "$(TARGET_NAME)";
				SWIFT_EMIT_LOC_STRINGS = NO;
				SWIFT_VERSION = 5.0;
				TARGETED_DEVICE_FAMILY = "1,2";
				TEST_HOST = "$(BUILT_PRODUCTS_DIR)/AlartApp.app/$(BUNDLE_EXECUTABLE_FOLDER_PATH)/AlartApp";
			};
			name = Debug;
		};
		B8D496FD2B7BD5A3004964E8 /* Release */ = {
			isa = XCBuildConfiguration;
			buildSettings = {
				ALWAYS_EMBED_SWIFT_STANDARD_LIBRARIES = YES;
				BUNDLE_LOADER = "$(TEST_HOST)";
				CODE_SIGN_STYLE = Automatic;
				CURRENT_PROJECT_VERSION = 1;
				DEVELOPMENT_TEAM = V6UWHFKBLG;
				GENERATE_INFOPLIST_FILE = YES;
				IPHONEOS_DEPLOYMENT_TARGET = 16.2;
				MARKETING_VERSION = 1.0;
				PRODUCT_BUNDLE_IDENTIFIER = com.myapp.AlartAppTests;
				PRODUCT_NAME = "$(TARGET_NAME)";
				SWIFT_EMIT_LOC_STRINGS = NO;
				SWIFT_VERSION = 5.0;
				TARGETED_DEVICE_FAMILY = "1,2";
				TEST_HOST = "$(BUILT_PRODUCTS_DIR)/AlartApp.app/$(BUNDLE_EXECUTABLE_FOLDER_PATH)/AlartApp";
			};
			name = Release;
		};
		B8D496FF2B7BD5A3004964E8 /* Debug */ = {
			isa = XCBuildConfiguration;
			buildSettings = {
				ALWAYS_EMBED_SWIFT_STANDARD_LIBRARIES = YES;
				CODE_SIGN_STYLE = Automatic;
				CURRENT_PROJECT_VERSION = 1;
				DEVELOPMENT_TEAM = V6UWHFKBLG;
				GENERATE_INFOPLIST_FILE = YES;
				MARKETING_VERSION = 1.0;
				PRODUCT_BUNDLE_IDENTIFIER = com.myapp.AlartAppUITests;
				PRODUCT_NAME = "$(TARGET_NAME)";
				SWIFT_EMIT_LOC_STRINGS = NO;
				SWIFT_VERSION = 5.0;
				TARGETED_DEVICE_FAMILY = "1,2";
				TEST_TARGET_NAME = AlartApp;
			};
			name = Debug;
		};
		B8D497002B7BD5A3004964E8 /* Release */ = {
			isa = XCBuildConfiguration;
			buildSettings = {
				ALWAYS_EMBED_SWIFT_STANDARD_LIBRARIES = YES;
				CODE_SIGN_STYLE = Automatic;
				CURRENT_PROJECT_VERSION = 1;
				DEVELOPMENT_TEAM = V6UWHFKBLG;
				GENERATE_INFOPLIST_FILE = YES;
				MARKETING_VERSION = 1.0;
				PRODUCT_BUNDLE_IDENTIFIER = com.myapp.AlartAppUITests;
				PRODUCT_NAME = "$(TARGET_NAME)";
				SWIFT_EMIT_LOC_STRINGS = NO;
				SWIFT_VERSION = 5.0;
				TARGETED_DEVICE_FAMILY = "1,2";
				TEST_TARGET_NAME = AlartApp;
			};
			name = Release;
		};
/* End XCBuildConfiguration section */

/* Begin XCConfigurationList section */
		B8D496C92B7BD5A1004964E8 /* Build configuration list for PBXProject "AlartApp" */ = {
			isa = XCConfigurationList;
			buildConfigurations = (
				B8D496F62B7BD5A3004964E8 /* Debug */,
				B8D496F72B7BD5A3004964E8 /* Release */,
			);
			defaultConfigurationIsVisible = 0;
			defaultConfigurationName = Release;
		};
		B8D496F82B7BD5A3004964E8 /* Build configuration list for PBXNativeTarget "AlartApp" */ = {
			isa = XCConfigurationList;
			buildConfigurations = (
				B8D496F92B7BD5A3004964E8 /* Debug */,
				B8D496FA2B7BD5A3004964E8 /* Release */,
			);
			defaultConfigurationIsVisible = 0;
			defaultConfigurationName = Release;
		};
		B8D496FB2B7BD5A3004964E8 /* Build configuration list for PBXNativeTarget "AlartAppTests" */ = {
			isa = XCConfigurationList;
			buildConfigurations = (
				B8D496FC2B7BD5A3004964E8 /* Debug */,
				B8D496FD2B7BD5A3004964E8 /* Release */,
			);
			defaultConfigurationIsVisible = 0;
			defaultConfigurationName = Release;
		};
		B8D496FE2B7BD5A3004964E8 /* Build configuration list for PBXNativeTarget "AlartAppUITests" */ = {
			isa = XCConfigurationList;
			buildConfigurations = (
				B8D496FF2B7BD5A3004964E8 /* Debug */,
				B8D497002B7BD5A3004964E8 /* Release */,
			);
			defaultConfigurationIsVisible = 0;
			defaultConfigurationName = Release;
		};
/* End XCConfigurationList section */
	};
	rootObject = B8D496C62B7BD5A1004964E8 /* Project object */;
}
